
Microsoft Visual Studio Solution File, Format Version 12.00
# Visual Studio Version 16
VisualStudioVersion = 16.0.31702.278
MinimumVisualStudioVersion = 10.0.40219.1
Project("{FAE04EC0-301F-11D3-BF4B-00C04F79EFBC}") = "App01", "App01\App01.csproj", "{5D936445-3ECC-4C71-B21D-B1D3BA844631}"
EndProject
Global
	GlobalSection(SolutionConfigurationPlatforms) = preSolution
		Debug|Any CPU = Debug|Any CPU
		Release|Any CPU = Release|Any CPU
	EndGlobalSection
	GlobalSection(ProjectConfigurationPlatforms) = postSolution
		{5D936445-3ECC-4C71-B21D-B1D3BA844631}.Debug|Any CPU.ActiveCfg = Debug|Any CPU
		{5D936445-3ECC-4C71-B21D-B1D3BA844631}.Debug|Any CPU.Build.0 = Debug|Any CPU
		{5D936445-3ECC-4C71-B21D-B1D3BA844631}.Release|Any CPU.ActiveCfg = Release|Any CPU
		{5D936445-3ECC-4C71-B21D-B1D3BA844631}.Release|Any CPU.Build.0 = Release|Any CPU
	EndGlobalSection
	GlobalSection(SolutionProperties) = preSolution
		HideSolutionNode = FALSE
	EndGlobalSection
	GlobalSection(ExtensibilityGlobals) = postSolution
		SolutionGuid = {8076A803-4A85-41BB-B224-AE32B7A6EE52}
	EndGlobalSection
EndGlobal
